
Microsoft Visual Studio Solution File, Format Version 12.00
# Visual Studio Version 16
VisualStudioVersion = 16.0.32002.261
MinimumVisualStudioVersion = 10.0.40219.1
Project("{2150E333-8FDC-42A3-9474-1A3956D46DE8}") = "WebUI", "WebUI", "{E346A2FD-79B7-4548-B3F9-15FD4FA4A79E}"
EndProject
Project("{9A19103F-16F7-4668-BE54-9A1E7A4F7556}") = "Blog.WebUI.Site", "WebUI\Blog.WebUI.Site\Blog.WebUI.Site.csproj", "{9621E0C3-366D-4B68-BE11-8E11013A168A}"
EndProject
Project("{9A19103F-16F7-4668-BE54-9A1E7A4F7556}") = "BlogSitesi.Model", "BlogSitesi.Model\BlogSitesi.Model.csproj", "{08CC6C1B-D5AF-4400-9318-0D86416442F5}"
EndProject
Project("{9A19103F-16F7-4668-BE54-9A1E7A4F7556}") = "BlogSitesi.Data", "BlogSitesi.Data\BlogSitesi.Data.csproj", "{C340EAC3-6E7B-4B84-968C-FF99D0BBE53A}"
EndProject
Project("{9A19103F-16F7-4668-BE54-9A1E7A4F7556}") = "BlogSitesi.WebUI.Infrastructure", "WebUI\BlogSitesi.WebUI.Infrastructure\BlogSitesi.WebUI.Infrastructure.csproj", "{C9C387D2-1693-4AD5-96D3-3B4E100E7186}"
EndProject
Project("{9A19103F-16F7-4668-BE54-9A1E7A4F7556}") = "BlogSitesi.WebUI.Management", "WebUI\BlogSitesi.WebUI.Management\BlogSitesi.WebUI.Management.csproj", "{FEBD49B1-E909-48ED-ACB6-9E786F119608}"
EndProject
Project("{2150E333-8FDC-42A3-9474-1A3956D46DE8}") = "Infrastructure", "Infrastructure", "{022B2AEE-931D-4DE4-9382-54D73E45054F}"
EndProject
Project("{2150E333-8FDC-42A3-9474-1A3956D46DE8}") = "Caching", "Caching", "{CD64AA78-ADED-4FC8-85CB-7C75B1CEE53F}"
EndProject
Project("{9A19103F-16F7-4668-BE54-9A1E7A4F7556}") = "BlogSitesi.Infrastructure.Caching.Memory", "Infrastructure\Caching\BlogSitesi.Infrastructure.Caching.Memory\BlogSitesi.Infrastructure.Caching.Memory.csproj", "{61E6A371-9F86-497A-8F35-C1787DABB0E3}"
EndProject
Global
	GlobalSection(SolutionConfigurationPlatforms) = preSolution
		Debug|Any CPU = Debug|Any CPU
		Release|Any CPU = Release|Any CPU
	EndGlobalSection
	GlobalSection(ProjectConfigurationPlatforms) = postSolution
		{9621E0C3-366D-4B68-BE11-8E11013A168A}.Debug|Any CPU.ActiveCfg = Debug|Any CPU
		{9621E0C3-366D-4B68-BE11-8E11013A168A}.Debug|Any CPU.Build.0 = Debug|Any CPU
		{9621E0C3-366D-4B68-BE11-8E11013A168A}.Release|Any CPU.ActiveCfg = Release|Any CPU
		{9621E0C3-366D-4B68-BE11-8E11013A168A}.Release|Any CPU.Build.0 = Release|Any CPU
		{08CC6C1B-D5AF-4400-9318-0D86416442F5}.Debug|Any CPU.ActiveCfg = Debug|Any CPU
		{08CC6C1B-D5AF-4400-9318-0D86416442F5}.Debug|Any CPU.Build.0 = Debug|Any CPU
		{08CC6C1B-D5AF-4400-9318-0D86416442F5}.Release|Any CPU.ActiveCfg = Release|Any CPU
		{08CC6C1B-D5AF-4400-9318-0D86416442F5}.Release|Any CPU.Build.0 = Release|Any CPU
		{C340EAC3-6E7B-4B84-968C-FF99D0BBE53A}.Debug|Any CPU.ActiveCfg = Debug|Any CPU
		{C340EAC3-6E7B-4B84-968C-FF99D0BBE53A}.Debug|Any CPU.Build.0 = Debug|Any CPU
		{C340EAC3-6E7B-4B84-968C-FF99D0BBE53A}.Release|Any CPU.ActiveCfg = Release|Any CPU
		{C340EAC3-6E7B-4B84-968C-FF99D0BBE53A}.Release|Any CPU.Build.0 = Release|Any CPU
		{C9C387D2-1693-4AD5-96D3-3B4E100E7186}.Debug|Any CPU.ActiveCfg = Debug|Any CPU
		{C9C387D2-1693-4AD5-96D3-3B4E100E7186}.Debug|Any CPU.Build.0 = Debug|Any CPU
		{C9C387D2-1693-4AD5-96D3-3B4E100E7186}.Release|Any CPU.ActiveCfg = Release|Any CPU
		{C9C387D2-1693-4AD5-96D3-3B4E100E7186}.Release|Any CPU.Build.0 = Release|Any CPU
		{FEBD49B1-E909-48ED-ACB6-9E786F119608}.Debug|Any CPU.ActiveCfg = Debug|Any CPU
		{FEBD49B1-E909-48ED-ACB6-9E786F119608}.Debug|Any CPU.Build.0 = Debug|Any CPU
		{FEBD49B1-E909-48ED-ACB6-9E786F119608}.Release|Any CPU.ActiveCfg = Release|Any CPU
		{FEBD49B1-E909-48ED-ACB6-9E786F119608}.Release|Any CPU.Build.0 = Release|Any CPU
		{61E6A371-9F86-497A-8F35-C1787DABB0E3}.Debug|Any CPU.ActiveCfg = Debug|Any CPU
		{61E6A371-9F86-497A-8F35-C1787DABB0E3}.Debug|Any CPU.Build.0 = Debug|Any CPU
		{61E6A371-9F86-497A-8F35-C1787DABB0E3}.Release|Any CPU.ActiveCfg = Release|Any CPU
		{61E6A371-9F86-497A-8F35-C1787DABB0E3}.Release|Any CPU.Build.0 = Release|Any CPU
	EndGlobalSection
	GlobalSection(SolutionProperties) = preSolution
		HideSolutionNode = FALSE
	EndGlobalSection
	GlobalSection(NestedProjects) = preSolution
		{9621E0C3-366D-4B68-BE11-8E11013A168A} = {E346A2FD-79B7-4548-B3F9-15FD4FA4A79E}
		{C9C387D2-1693-4AD5-96D3-3B4E100E7186} = {E346A2FD-79B7-4548-B3F9-15FD4FA4A79E}
		{FEBD49B1-E909-48ED-ACB6-9E786F119608} = {E346A2FD-79B7-4548-B3F9-15FD4FA4A79E}
		{CD64AA78-ADED-4FC8-85CB-7C75B1CEE53F} = {022B2AEE-931D-4DE4-9382-54D73E45054F}
		{61E6A371-9F86-497A-8F35-C1787DABB0E3} = {CD64AA78-ADED-4FC8-85CB-7C75B1CEE53F}
	EndGlobalSection
	GlobalSection(ExtensibilityGlobals) = postSolution
		SolutionGuid = {7A9C78A8-20DB-4E1D-945F-16FF77884520}
	EndGlobalSection
EndGlobal
